
Microsoft Visual Studio Solution File, Format Version 12.00
# Visual Studio Version 17
VisualStudioVersion = 17.7.34018.315
MinimumVisualStudioVersion = 10.0.40219.1
Project("{FAE04EC0-301F-11D3-BF4B-00C04F79EFBC}") = "ConsoleApp9", "ConsoleApp9\ConsoleApp9.csproj", "{3BA2B6C4-BEFD-48A4-860F-E7E963C73A08}"
EndProject
Project("{FAE04EC0-301F-11D3-BF4B-00C04F79EFBC}") = "Test", "Test\Test.csproj", "{A337B808-732E-4A2E-98C5-D0DCF7FBA0BD}"
EndProject
Global
	GlobalSection(SolutionConfigurationPlatforms) = preSolution
		Debug|Any CPU = Debug|Any CPU
		Release|Any CPU = Release|Any CPU
	EndGlobalSection
	GlobalSection(ProjectConfigurationPlatforms) = postSolution
		{3BA2B6C4-BEFD-48A4-860F-E7E963C73A08}.Debug|Any CPU.ActiveCfg = Debug|Any CPU
		{3BA2B6C4-BEFD-48A4-860F-E7E963C73A08}.Debug|Any CPU.Build.0 = Debug|Any CPU
		{3BA2B6C4-BEFD-48A4-860F-E7E963C73A08}.Release|Any CPU.ActiveCfg = Release|Any CPU
		{3BA2B6C4-BEFD-48A4-860F-E7E963C73A08}.Release|Any CPU.Build.0 = Release|Any CPU
		{A337B808-732E-4A2E-98C5-D0DCF7FBA0BD}.Debug|Any CPU.ActiveCfg = Debug|Any CPU
		{A337B808-732E-4A2E-98C5-D0DCF7FBA0BD}.Debug|Any CPU.Build.0 = Debug|Any CPU
		{A337B808-732E-4A2E-98C5-D0DCF7FBA0BD}.Release|Any CPU.ActiveCfg = Release|Any CPU
		{A337B808-732E-4A2E-98C5-D0DCF7FBA0BD}.Release|Any CPU.Build.0 = Release|Any CPU
	EndGlobalSection
	GlobalSection(SolutionProperties) = preSolution
		HideSolutionNode = FALSE
	EndGlobalSection
	GlobalSection(ExtensibilityGlobals) = postSolution
		SolutionGuid = {45730426-A870-4D54-B5F2-CA61D6410720}
	EndGlobalSection
EndGlobal
